// !$*UTF8*$!
{
	archiveVersion = 1;
	classes = {
	};
	objectVersion = 55;
	objects = {

/* Begin PBXBuildFile section */
		955745952859CBC500A51D18 /* Poppins-Regular.ttf in Resources */ = {isa = PBXBuildFile; fileRef = 955745942859A03900A51D18 /* Poppins-Regular.ttf */; };
		955745982859E29900A51D18 /* ButtonView.swift in Sources */ = {isa = PBXBuildFile; fileRef = 955745972859E29900A51D18 /* ButtonView.swift */; };
		959575CD28584B810057FFFF /* Mulish-Regular.ttf in Resources */ = {isa = PBXBuildFile; fileRef = 95D2527D2851F252000FE477 /* Mulish-Regular.ttf */; };
		959575CF285895C90057FFFF /* Mulish-Black.ttf in Resources */ = {isa = PBXBuildFile; fileRef = 959575CE285895C20057FFFF /* Mulish-Black.ttf */; };
		95D252672851DF15000FE477 /* MissingPetApp.swift in Sources */ = {isa = PBXBuildFile; fileRef = 95D252662851DF15000FE477 /* MissingPetApp.swift */; };
		95D252692851DF15000FE477 /* ContentView.swift in Sources */ = {isa = PBXBuildFile; fileRef = 95D252682851DF15000FE477 /* ContentView.swift */; };
		95D2526B2851DF16000FE477 /* Assets.xcassets in Resources */ = {isa = PBXBuildFile; fileRef = 95D2526A2851DF16000FE477 /* Assets.xcassets */; };
		95D2526E2851DF16000FE477 /* Preview Assets.xcassets in Resources */ = {isa = PBXBuildFile; fileRef = 95D2526D2851DF16000FE477 /* Preview Assets.xcassets */; };
		95D252762851E8BF000FE477 /* LoginView.swift in Sources */ = {isa = PBXBuildFile; fileRef = 95D252752851E8BF000FE477 /* LoginView.swift */; };
		95D2527A2851E9A2000FE477 /* Constants.swift in Sources */ = {isa = PBXBuildFile; fileRef = 95D252792851E9A2000FE477 /* Constants.swift */; };
		95D2527C2851EBA2000FE477 /* LoginWindowView.swift in Sources */ = {isa = PBXBuildFile; fileRef = 95D2527B2851EBA2000FE477 /* LoginWindowView.swift */; };
		95D252822852F7BD000FE477 /* LoginLaterView.swift in Sources */ = {isa = PBXBuildFile; fileRef = 95D252812852F7BD000FE477 /* LoginLaterView.swift */; };
		95D25286285307BB000FE477 /* TextFieldLogin.swift in Sources */ = {isa = PBXBuildFile; fileRef = 95D25285285307BB000FE477 /* TextFieldLogin.swift */; };
/* End PBXBuildFile section */

/* Begin PBXFileReference section */
		955745942859A03900A51D18 /* Poppins-Regular.ttf */ = {isa = PBXFileReference; lastKnownFileType = file; path = "Poppins-Regular.ttf"; sourceTree = "<group>"; };
		955745972859E29900A51D18 /* ButtonView.swift */ = {isa = PBXFileReference; lastKnownFileType = sourcecode.swift; path = ButtonView.swift; sourceTree = "<group>"; };
		959575CE285895C20057FFFF /* Mulish-Black.ttf */ = {isa = PBXFileReference; lastKnownFileType = file; path = "Mulish-Black.ttf"; sourceTree = "<group>"; };
		95D252632851DF15000FE477 /* MissingPet.app */ = {isa = PBXFileReference; explicitFileType = wrapper.application; includeInIndex = 0; path = MissingPet.app; sourceTree = BUILT_PRODUCTS_DIR; };
		95D252662851DF15000FE477 /* MissingPetApp.swift */ = {isa = PBXFileReference; lastKnownFileType = sourcecode.swift; path = MissingPetApp.swift; sourceTree = "<group>"; };
		95D252682851DF15000FE477 /* ContentView.swift */ = {isa = PBXFileReference; lastKnownFileType = sourcecode.swift; path = ContentView.swift; sourceTree = "<group>"; };
		95D2526A2851DF16000FE477 /* Assets.xcassets */ = {isa = PBXFileReference; lastKnownFileType = folder.assetcatalog; path = Assets.xcassets; sourceTree = "<group>"; };
		95D2526D2851DF16000FE477 /* Preview Assets.xcassets */ = {isa = PBXFileReference; lastKnownFileType = folder.assetcatalog; path = "Preview Assets.xcassets"; sourceTree = "<group>"; };
		95D252752851E8BF000FE477 /* LoginView.swift */ = {isa = PBXFileReference; lastKnownFileType = sourcecode.swift; path = LoginView.swift; sourceTree = "<group>"; };
		95D252792851E9A2000FE477 /* Constants.swift */ = {isa = PBXFileReference; lastKnownFileType = sourcecode.swift; path = Constants.swift; sourceTree = "<group>"; };
		95D2527B2851EBA2000FE477 /* LoginWindowView.swift */ = {isa = PBXFileReference; lastKnownFileType = sourcecode.swift; path = LoginWindowView.swift; sourceTree = "<group>"; };
		95D2527D2851F252000FE477 /* Mulish-Regular.ttf */ = {isa = PBXFileReference; lastKnownFileType = file; name = "Mulish-Regular.ttf"; path = "../../Downloads/Mulish/static/Mulish-Regular.ttf"; sourceTree = "<group>"; };
		95D2527E2851F289000FE477 /* Info.plist */ = {isa = PBXFileReference; lastKnownFileType = text.plist; path = Info.plist; sourceTree = "<group>"; };
		95D252812852F7BD000FE477 /* LoginLaterView.swift */ = {isa = PBXFileReference; lastKnownFileType = sourcecode.swift; path = LoginLaterView.swift; sourceTree = "<group>"; };
		95D25285285307BB000FE477 /* TextFieldLogin.swift */ = {isa = PBXFileReference; lastKnownFileType = sourcecode.swift; path = TextFieldLogin.swift; sourceTree = "<group>"; };
/* End PBXFileReference section */

/* Begin PBXFrameworksBuildPhase section */
		95D252602851DF15000FE477 /* Frameworks */ = {
			isa = PBXFrameworksBuildPhase;
			buildActionMask = 2147483647;
			files = (
			);
			runOnlyForDeploymentPostprocessing = 0;
		};
/* End PBXFrameworksBuildPhase section */

/* Begin PBXGroup section */
		95D2525A2851DF15000FE477 = {
			isa = PBXGroup;
			children = (
				95D2527D2851F252000FE477 /* Mulish-Regular.ttf */,
				955745942859A03900A51D18 /* Poppins-Regular.ttf */,
				959575CE285895C20057FFFF /* Mulish-Black.ttf */,
				95D252742851E4D7000FE477 /* Views */,
				95D252652851DF15000FE477 /* MissingPet */,
				95D252642851DF15000FE477 /* Products */,
			);
			sourceTree = "<group>";
		};
		95D252642851DF15000FE477 /* Products */ = {
			isa = PBXGroup;
			children = (
				95D252632851DF15000FE477 /* MissingPet.app */,
			);
			name = Products;
			sourceTree = "<group>";
		};
		95D252652851DF15000FE477 /* MissingPet */ = {
			isa = PBXGroup;
			children = (
				95D2527E2851F289000FE477 /* Info.plist */,
				95D252662851DF15000FE477 /* MissingPetApp.swift */,
				95D252682851DF15000FE477 /* ContentView.swift */,
				95D252782851E98C000FE477 /* Helpers */,
				95D2526A2851DF16000FE477 /* Assets.xcassets */,
				95D2526C2851DF16000FE477 /* Preview Content */,
			);
			path = MissingPet;
			sourceTree = "<group>";
		};
		95D2526C2851DF16000FE477 /* Preview Content */ = {
			isa = PBXGroup;
			children = (
				95D2526D2851DF16000FE477 /* Preview Assets.xcassets */,
			);
			path = "Preview Content";
			sourceTree = "<group>";
		};
		95D252742851E4D7000FE477 /* Views */ = {
			isa = PBXGroup;
			children = (
				95D252772851E8C5000FE477 /* Login */,
			);
			path = Views;
			sourceTree = "<group>";
		};
		95D252772851E8C5000FE477 /* Login */ = {
			isa = PBXGroup;
			children = (
				95D252752851E8BF000FE477 /* LoginView.swift */,
				95D252812852F7BD000FE477 /* LoginLaterView.swift */,
				95D2527B2851EBA2000FE477 /* LoginWindowView.swift */,
				955745972859E29900A51D18 /* ButtonView.swift */,
				95D25285285307BB000FE477 /* TextFieldLogin.swift */,
			);
			path = Login;
			sourceTree = "<group>";
		};
		95D252782851E98C000FE477 /* Helpers */ = {
			isa = PBXGroup;
			children = (
				95D252792851E9A2000FE477 /* Constants.swift */,
			);
			path = Helpers;
			sourceTree = "<group>";
		};
/* End PBXGroup section */

/* Begin PBXNativeTarget section */
		95D252622851DF15000FE477 /* MissingPet */ = {
			isa = PBXNativeTarget;
			buildConfigurationList = 95D252712851DF16000FE477 /* Build configuration list for PBXNativeTarget "MissingPet" */;
			buildPhases = (
				95D2525F2851DF15000FE477 /* Sources */,
				95D252602851DF15000FE477 /* Frameworks */,
				95D252612851DF15000FE477 /* Resources */,
			);
			buildRules = (
			);
			dependencies = (
			);
			name = MissingPet;
			productName = MissingPet;
			productReference = 95D252632851DF15000FE477 /* MissingPet.app */;
			productType = "com.apple.product-type.application";
		};
/* End PBXNativeTarget section */

/* Begin PBXProject section */
		95D2525B2851DF15000FE477 /* Project object */ = {
			isa = PBXProject;
			attributes = {
				BuildIndependentTargetsInParallel = 1;
				LastSwiftUpdateCheck = 1340;
				LastUpgradeCheck = 1340;
				TargetAttributes = {
					95D252622851DF15000FE477 = {
						CreatedOnToolsVersion = 13.4.1;
					};
				};
			};
			buildConfigurationList = 95D2525E2851DF15000FE477 /* Build configuration list for PBXProject "MissingPet" */;
			compatibilityVersion = "Xcode 13.0";
			developmentRegion = en;
			hasScannedForEncodings = 0;
			knownRegions = (
				en,
				Base,
			);
			mainGroup = 95D2525A2851DF15000FE477;
			productRefGroup = 95D252642851DF15000FE477 /* Products */;
			projectDirPath = "";
			projectRoot = "";
			targets = (
				95D252622851DF15000FE477 /* MissingPet */,
			);
		};
/* End PBXProject section */

/* Begin PBXResourcesBuildPhase section */
		95D252612851DF15000FE477 /* Resources */ = {
			isa = PBXResourcesBuildPhase;
			buildActionMask = 2147483647;
			files = (
				95D2526E2851DF16000FE477 /* Preview Assets.xcassets in Resources */,
				959575CD28584B810057FFFF /* Mulish-Regular.ttf in Resources */,
				959575CF285895C90057FFFF /* Mulish-Black.ttf in Resources */,
				95D2526B2851DF16000FE477 /* Assets.xcassets in Resources */,
				955745952859CBC500A51D18 /* Poppins-Regular.ttf in Resources */,
			);
			runOnlyForDeploymentPostprocessing = 0;
		};
/* End PBXResourcesBuildPhase section */

/* Begin PBXSourcesBuildPhase section */
		95D2525F2851DF15000FE477 /* Sources */ = {
			isa = PBXSourcesBuildPhase;
			buildActionMask = 2147483647;
			files = (
				95D252762851E8BF000FE477 /* LoginView.swift in Sources */,
				95D252692851DF15000FE477 /* ContentView.swift in Sources */,
				955745982859E29900A51D18 /* ButtonView.swift in Sources */,
				95D252822852F7BD000FE477 /* LoginLaterView.swift in Sources */,
				95D2527C2851EBA2000FE477 /* LoginWindowView.swift in Sources */,
				95D25286285307BB000FE477 /* TextFieldLogin.swift in Sources */,
				95D252672851DF15000FE477 /* MissingPetApp.swift in Sources */,
				95D2527A2851E9A2000FE477 /* Constants.swift in Sources */,
			);
			runOnlyForDeploymentPostprocessing = 0;
		};
/* End PBXSourcesBuildPhase section */

/* Begin XCBuildConfiguration section */
		95D2526F2851DF16000FE477 /* Debug */ = {
			isa = XCBuildConfiguration;
			buildSettings = {
				ALWAYS_SEARCH_USER_PATHS = NO;
				CLANG_ANALYZER_NONNULL = YES;
				CLANG_ANALYZER_NUMBER_OBJECT_CONVERSION = YES_AGGRESSIVE;
				CLANG_CXX_LANGUAGE_STANDARD = "gnu++17";
				CLANG_ENABLE_MODULES = YES;
				CLANG_ENABLE_OBJC_ARC = YES;
				CLANG_ENABLE_OBJC_WEAK = YES;
				CLANG_WARN_BLOCK_CAPTURE_AUTORELEASING = YES;
				CLANG_WARN_BOOL_CONVERSION = YES;
				CLANG_WARN_COMMA = YES;
				CLANG_WARN_CONSTANT_CONVERSION = YES;
				CLANG_WARN_DEPRECATED_OBJC_IMPLEMENTATIONS = YES;
				CLANG_WARN_DIRECT_OBJC_ISA_USAGE = YES_ERROR;
				CLANG_WARN_DOCUMENTATION_COMMENTS = YES;
				CLANG_WARN_EMPTY_BODY = YES;
				CLANG_WARN_ENUM_CONVERSION = YES;
				CLANG_WARN_INFINITE_RECURSION = YES;
				CLANG_WARN_INT_CONVERSION = YES;
				CLANG_WARN_NON_LITERAL_NULL_CONVERSION = YES;
				CLANG_WARN_OBJC_IMPLICIT_RETAIN_SELF = YES;
				CLANG_WARN_OBJC_LITERAL_CONVERSION = YES;
				CLANG_WARN_OBJC_ROOT_CLASS = YES_ERROR;
				CLANG_WARN_QUOTED_INCLUDE_IN_FRAMEWORK_HEADER = YES;
				CLANG_WARN_RANGE_LOOP_ANALYSIS = YES;
				CLANG_WARN_STRICT_PROTOTYPES = YES;
				CLANG_WARN_SUSPICIOUS_MOVE = YES;
				CLANG_WARN_UNGUARDED_AVAILABILITY = YES_AGGRESSIVE;
				CLANG_WARN_UNREACHABLE_CODE = YES;
				CLANG_WARN__DUPLICATE_METHOD_MATCH = YES;
				COPY_PHASE_STRIP = NO;
				DEBUG_INFORMATION_FORMAT = dwarf;
				ENABLE_STRICT_OBJC_MSGSEND = YES;
				ENABLE_TESTABILITY = YES;
				GCC_C_LANGUAGE_STANDARD = gnu11;
				GCC_DYNAMIC_NO_PIC = NO;
				GCC_NO_COMMON_BLOCKS = YES;
				GCC_OPTIMIZATION_LEVEL = 0;
				GCC_PREPROCESSOR_DEFINITIONS = (
					"DEBUG=1",
					"$(inherited)",
				);
				GCC_WARN_64_TO_32_BIT_CONVERSION = YES;
				GCC_WARN_ABOUT_RETURN_TYPE = YES_ERROR;
				GCC_WARN_UNDECLARED_SELECTOR = YES;
				GCC_WARN_UNINITIALIZED_AUTOS = YES_AGGRESSIVE;
				GCC_WARN_UNUSED_FUNCTION = YES;
				GCC_WARN_UNUSED_VARIABLE = YES;
				IPHONEOS_DEPLOYMENT_TARGET = 14.0;
				MTL_ENABLE_DEBUG_INFO = INCLUDE_SOURCE;
				MTL_FAST_MATH = YES;
				ONLY_ACTIVE_ARCH = YES;
				SDKROOT = iphoneos;
				SWIFT_ACTIVE_COMPILATION_CONDITIONS = DEBUG;
				SWIFT_OPTIMIZATION_LEVEL = "-Onone";
			};
			name = Debug;
		};
		95D252702851DF16000FE477 /* Release */ = {
			isa = XCBuildConfiguration;
			buildSettings = {
				ALWAYS_SEARCH_USER_PATHS = NO;
				CLANG_ANALYZER_NONNULL = YES;
				CLANG_ANALYZER_NUMBER_OBJECT_CONVERSION = YES_AGGRESSIVE;
				CLANG_CXX_LANGUAGE_STANDARD = "gnu++17";
				CLANG_ENABLE_MODULES = YES;
				CLANG_ENABLE_OBJC_ARC = YES;
				CLANG_ENABLE_OBJC_WEAK = YES;
				CLANG_WARN_BLOCK_CAPTURE_AUTORELEASING = YES;
				CLANG_WARN_BOOL_CONVERSION = YES;
				CLANG_WARN_COMMA = YES;
				CLANG_WARN_CONSTANT_CONVERSION = YES;
				CLANG_WARN_DEPRECATED_OBJC_IMPLEMENTATIONS = YES;
				CLANG_WARN_DIRECT_OBJC_ISA_USAGE = YES_ERROR;
				CLANG_WARN_DOCUMENTATION_COMMENTS = YES;
				CLANG_WARN_EMPTY_BODY = YES;
				CLANG_WARN_ENUM_CONVERSION = YES;
				CLANG_WARN_INFINITE_RECURSION = YES;
				CLANG_WARN_INT_CONVERSION = YES;
				CLANG_WARN_NON_LITERAL_NULL_CONVERSION = YES;
				CLANG_WARN_OBJC_IMPLICIT_RETAIN_SELF = YES;
				CLANG_WARN_OBJC_LITERAL_CONVERSION = YES;
				CLANG_WARN_OBJC_ROOT_CLASS = YES_ERROR;
				CLANG_WARN_QUOTED_INCLUDE_IN_FRAMEWORK_HEADER = YES;
				CLANG_WARN_RANGE_LOOP_ANALYSIS = YES;
				CLANG_WARN_STRICT_PROTOTYPES = YES;
				CLANG_WARN_SUSPICIOUS_MOVE = YES;
				CLANG_WARN_UNGUARDED_AVAILABILITY = YES_AGGRESSIVE;
				CLANG_WARN_UNREACHABLE_CODE = YES;
				CLANG_WARN__DUPLICATE_METHOD_MATCH = YES;
				COPY_PHASE_STRIP = NO;
				DEBUG_INFORMATION_FORMAT = "dwarf-with-dsym";
				ENABLE_NS_ASSERTIONS = NO;
				ENABLE_STRICT_OBJC_MSGSEND = YES;
				GCC_C_LANGUAGE_STANDARD = gnu11;
				GCC_NO_COMMON_BLOCKS = YES;
				GCC_WARN_64_TO_32_BIT_CONVERSION = YES;
				GCC_WARN_ABOUT_RETURN_TYPE = YES_ERROR;
				GCC_WARN_UNDECLARED_SELECTOR = YES;
				GCC_WARN_UNINITIALIZED_AUTOS = YES_AGGRESSIVE;
				GCC_WARN_UNUSED_FUNCTION = YES;
				GCC_WARN_UNUSED_VARIABLE = YES;
				IPHONEOS_DEPLOYMENT_TARGET = 14.0;
				MTL_ENABLE_DEBUG_INFO = NO;
				MTL_FAST_MATH = YES;
				SDKROOT = iphoneos;
				SWIFT_COMPILATION_MODE = wholemodule;
				SWIFT_OPTIMIZATION_LEVEL = "-O";
				VALIDATE_PRODUCT = YES;
			};
			name = Release;
		};
		95D252722851DF16000FE477 /* Debug */ = {
			isa = XCBuildConfiguration;
			buildSettings = {
				ASSETCATALOG_COMPILER_APPICON_NAME = AppIcon;
				ASSETCATALOG_COMPILER_GLOBAL_ACCENT_COLOR_NAME = AccentColor;
				CODE_SIGN_STYLE = Automatic;
				CURRENT_PROJECT_VERSION = 1;
				DEVELOPMENT_ASSET_PATHS = "\"MissingPet/Preview Content\"";
				DEVELOPMENT_TEAM = KS93C8UM2T;
				ENABLE_PREVIEWS = YES;
				GENERATE_INFOPLIST_FILE = YES;
				INFOPLIST_FILE = MissingPet/Info.plist;
				INFOPLIST_KEY_UIApplicationSceneManifest_Generation = YES;
				INFOPLIST_KEY_UIApplicationSupportsIndirectInputEvents = YES;
				INFOPLIST_KEY_UILaunchScreen_Generation = YES;
				INFOPLIST_KEY_UISupportedInterfaceOrientations_iPad = "UIInterfaceOrientationPortrait UIInterfaceOrientationPortraitUpsideDown UIInterfaceOrientationLandscapeLeft UIInterfaceOrientationLandscapeRight";
				INFOPLIST_KEY_UISupportedInterfaceOrientations_iPhone = "UIInterfaceOrientationPortrait UIInterfaceOrientationLandscapeLeft UIInterfaceOrientationLandscapeRight";
				IPHONEOS_DEPLOYMENT_TARGET = 14.0;
				LD_RUNPATH_SEARCH_PATHS = (
					"$(inherited)",
					"@executable_path/Frameworks",
				);
				MARKETING_VERSION = 1.0;
				PRODUCT_BUNDLE_IDENTIFIER = ISSART.MissingPet;
				PRODUCT_NAME = "$(TARGET_NAME)";
				SWIFT_EMIT_LOC_STRINGS = YES;
				SWIFT_VERSION = 5.0;
				TARGETED_DEVICE_FAMILY = "1,2";
			};
			name = Debug;
		};
		95D252732851DF16000FE477 /* Release */ = {
			isa = XCBuildConfiguration;
			buildSettings = {
				ASSETCATALOG_COMPILER_APPICON_NAME = AppIcon;
				ASSETCATALOG_COMPILER_GLOBAL_ACCENT_COLOR_NAME = AccentColor;
				CODE_SIGN_STYLE = Automatic;
				CURRENT_PROJECT_VERSION = 1;
				DEVELOPMENT_ASSET_PATHS = "\"MissingPet/Preview Content\"";
				DEVELOPMENT_TEAM = KS93C8UM2T;
				ENABLE_PREVIEWS = YES;
				GENERATE_INFOPLIST_FILE = YES;
				INFOPLIST_FILE = MissingPet/Info.plist;
				INFOPLIST_KEY_UIApplicationSceneManifest_Generation = YES;
				INFOPLIST_KEY_UIApplicationSupportsIndirectInputEvents = YES;
				INFOPLIST_KEY_UILaunchScreen_Generation = YES;
				INFOPLIST_KEY_UISupportedInterfaceOrientations_iPad = "UIInterfaceOrientationPortrait UIInterfaceOrientationPortraitUpsideDown UIInterfaceOrientationLandscapeLeft UIInterfaceOrientationLandscapeRight";
				INFOPLIST_KEY_UISupportedInterfaceOrientations_iPhone = "UIInterfaceOrientationPortrait UIInterfaceOrientationLandscapeLeft UIInterfaceOrientationLandscapeRight";
				IPHONEOS_DEPLOYMENT_TARGET = 14.0;
				LD_RUNPATH_SEARCH_PATHS = (
					"$(inherited)",
					"@executable_path/Frameworks",
				);
				MARKETING_VERSION = 1.0;
				PRODUCT_BUNDLE_IDENTIFIER = ISSART.MissingPet;
				PRODUCT_NAME = "$(TARGET_NAME)";
				SWIFT_EMIT_LOC_STRINGS = YES;
				SWIFT_VERSION = 5.0;
				TARGETED_DEVICE_FAMILY = "1,2";
			};
			name = Release;
		};
/* End XCBuildConfiguration section */

/* Begin XCConfigurationList section */
		95D2525E2851DF15000FE477 /* Build configuration list for PBXProject "MissingPet" */ = {
			isa = XCConfigurationList;
			buildConfigurations = (
				95D2526F2851DF16000FE477 /* Debug */,
				95D252702851DF16000FE477 /* Release */,
			);
			defaultConfigurationIsVisible = 0;
			defaultConfigurationName = Release;
		};
		95D252712851DF16000FE477 /* Build configuration list for PBXNativeTarget "MissingPet" */ = {
			isa = XCConfigurationList;
			buildConfigurations = (
				95D252722851DF16000FE477 /* Debug */,
				95D252732851DF16000FE477 /* Release */,
			);
			defaultConfigurationIsVisible = 0;
			defaultConfigurationName = Release;
		};
/* End XCConfigurationList section */
	};
	rootObject = 95D2525B2851DF15000FE477 /* Project object */;
}
